// !$*UTF8*$!
{
	archiveVersion = 1;
	classes = {
	};
	objectVersion = 50;
	objects = {

/* Begin PBXBuildFile section */
		40AC5F502508469300CE1350 /* AppDelegate.swift in Sources */ = {isa = PBXBuildFile; fileRef = 40AC5F4F2508469300CE1350 /* AppDelegate.swift */; };
		40AC5F522508469300CE1350 /* SceneDelegate.swift in Sources */ = {isa = PBXBuildFile; fileRef = 40AC5F512508469300CE1350 /* SceneDelegate.swift */; };
		40AC5F542508469300CE1350 /* ViewController.swift in Sources */ = {isa = PBXBuildFile; fileRef = 40AC5F532508469300CE1350 /* ViewController.swift */; };
		40AC5F572508469300CE1350 /* Main.storyboard in Resources */ = {isa = PBXBuildFile; fileRef = 40AC5F552508469300CE1350 /* Main.storyboard */; };
		40AC5F592508469600CE1350 /* Assets.xcassets in Resources */ = {isa = PBXBuildFile; fileRef = 40AC5F582508469600CE1350 /* Assets.xcassets */; };
		40AC5F5C2508469600CE1350 /* LaunchScreen.storyboard in Resources */ = {isa = PBXBuildFile; fileRef = 40AC5F5A2508469600CE1350 /* LaunchScreen.storyboard */; };
		40AC5F672508469600CE1350 /* Symptom_TrackerTests.swift in Sources */ = {isa = PBXBuildFile; fileRef = 40AC5F662508469600CE1350 /* Symptom_TrackerTests.swift */; };
		40AC5F722508469600CE1350 /* Symptom_TrackerUITests.swift in Sources */ = {isa = PBXBuildFile; fileRef = 40AC5F712508469600CE1350 /* Symptom_TrackerUITests.swift */; };
/* End PBXBuildFile section */

/* Begin PBXContainerItemProxy section */
		40AC5F632508469600CE1350 /* PBXContainerItemProxy */ = {
			isa = PBXContainerItemProxy;
			containerPortal = 40AC5F442508469300CE1350 /* Project object */;
			proxyType = 1;
			remoteGlobalIDString = 40AC5F4B2508469300CE1350;
			remoteInfo = "Symptom Tracker";
		};
		40AC5F6E2508469600CE1350 /* PBXContainerItemProxy */ = {
			isa = PBXContainerItemProxy;
			containerPortal = 40AC5F442508469300CE1350 /* Project object */;
			proxyType = 1;
			remoteGlobalIDString = 40AC5F4B2508469300CE1350;
			remoteInfo = "Symptom Tracker";
		};
/* End PBXContainerItemProxy section */

/* Begin PBXFileReference section */
		40AC5F4C2508469300CE1350 /* Symptom Tracker.app */ = {isa = PBXFileReference; explicitFileType = wrapper.application; includeInIndex = 0; path = "Symptom Tracker.app"; sourceTree = BUILT_PRODUCTS_DIR; };
		40AC5F4F2508469300CE1350 /* AppDelegate.swift */ = {isa = PBXFileReference; lastKnownFileType = sourcecode.swift; path = AppDelegate.swift; sourceTree = "<group>"; };
		40AC5F512508469300CE1350 /* SceneDelegate.swift */ = {isa = PBXFileReference; lastKnownFileType = sourcecode.swift; path = SceneDelegate.swift; sourceTree = "<group>"; };
		40AC5F532508469300CE1350 /* ViewController.swift */ = {isa = PBXFileReference; lastKnownFileType = sourcecode.swift; path = ViewController.swift; sourceTree = "<group>"; };
		40AC5F562508469300CE1350 /* Base */ = {isa = PBXFileReference; lastKnownFileType = file.storyboard; name = Base; path = Base.lproj/Main.storyboard; sourceTree = "<group>"; };
		40AC5F582508469600CE1350 /* Assets.xcassets */ = {isa = PBXFileReference; lastKnownFileType = folder.assetcatalog; path = Assets.xcassets; sourceTree = "<group>"; };
		40AC5F5B2508469600CE1350 /* Base */ = {isa = PBXFileReference; lastKnownFileType = file.storyboard; name = Base; path = Base.lproj/LaunchScreen.storyboard; sourceTree = "<group>"; };
		40AC5F5D2508469600CE1350 /* Info.plist */ = {isa = PBXFileReference; lastKnownFileType = text.plist.xml; path = Info.plist; sourceTree = "<group>"; };
		40AC5F622508469600CE1350 /* Symptom TrackerTests.xctest */ = {isa = PBXFileReference; explicitFileType = wrapper.cfbundle; includeInIndex = 0; path = "Symptom TrackerTests.xctest"; sourceTree = BUILT_PRODUCTS_DIR; };
		40AC5F662508469600CE1350 /* Symptom_TrackerTests.swift */ = {isa = PBXFileReference; lastKnownFileType = sourcecode.swift; path = Symptom_TrackerTests.swift; sourceTree = "<group>"; };
		40AC5F682508469600CE1350 /* Info.plist */ = {isa = PBXFileReference; lastKnownFileType = text.plist.xml; path = Info.plist; sourceTree = "<group>"; };
		40AC5F6D2508469600CE1350 /* Symptom TrackerUITests.xctest */ = {isa = PBXFileReference; explicitFileType = wrapper.cfbundle; includeInIndex = 0; path = "Symptom TrackerUITests.xctest"; sourceTree = BUILT_PRODUCTS_DIR; };
		40AC5F712508469600CE1350 /* Symptom_TrackerUITests.swift */ = {isa = PBXFileReference; lastKnownFileType = sourcecode.swift; path = Symptom_TrackerUITests.swift; sourceTree = "<group>"; };
		40AC5F732508469600CE1350 /* Info.plist */ = {isa = PBXFileReference; lastKnownFileType = text.plist.xml; path = Info.plist; sourceTree = "<group>"; };
/* End PBXFileReference section */

/* Begin PBXFrameworksBuildPhase section */
		40AC5F492508469300CE1350 /* Frameworks */ = {
			isa = PBXFrameworksBuildPhase;
			buildActionMask = 2147483647;
			files = (
			);
			runOnlyForDeploymentPostprocessing = 0;
		};
		40AC5F5F2508469600CE1350 /* Frameworks */ = {
			isa = PBXFrameworksBuildPhase;
			buildActionMask = 2147483647;
			files = (
			);
			runOnlyForDeploymentPostprocessing = 0;
		};
		40AC5F6A2508469600CE1350 /* Frameworks */ = {
			isa = PBXFrameworksBuildPhase;
			buildActionMask = 2147483647;
			files = (
			);
			runOnlyForDeploymentPostprocessing = 0;
		};
/* End PBXFrameworksBuildPhase section */

/* Begin PBXGroup section */
		40AC5F432508469300CE1350 = {
			isa = PBXGroup;
			children = (
				40AC5F4E2508469300CE1350 /* Symptom Tracker */,
				40AC5F652508469600CE1350 /* Symptom TrackerTests */,
				40AC5F702508469600CE1350 /* Symptom TrackerUITests */,
				40AC5F4D2508469300CE1350 /* Products */,
			);
			sourceTree = "<group>";
		};
		40AC5F4D2508469300CE1350 /* Products */ = {
			isa = PBXGroup;
			children = (
				40AC5F4C2508469300CE1350 /* Symptom Tracker.app */,
				40AC5F622508469600CE1350 /* Symptom TrackerTests.xctest */,
				40AC5F6D2508469600CE1350 /* Symptom TrackerUITests.xctest */,
			);
			name = Products;
			sourceTree = "<group>";
		};
		40AC5F4E2508469300CE1350 /* Symptom Tracker */ = {
			isa = PBXGroup;
			children = (
				40AC5F4F2508469300CE1350 /* AppDelegate.swift */,
				40AC5F512508469300CE1350 /* SceneDelegate.swift */,
				40AC5F532508469300CE1350 /* ViewController.swift */,
				40AC5F552508469300CE1350 /* Main.storyboard */,
				40AC5F582508469600CE1350 /* Assets.xcassets */,
				40AC5F5A2508469600CE1350 /* LaunchScreen.storyboard */,
				40AC5F5D2508469600CE1350 /* Info.plist */,
			);
			path = "Symptom Tracker";
			sourceTree = "<group>";
		};
		40AC5F652508469600CE1350 /* Symptom TrackerTests */ = {
			isa = PBXGroup;
			children = (
				40AC5F662508469600CE1350 /* Symptom_TrackerTests.swift */,
				40AC5F682508469600CE1350 /* Info.plist */,
			);
			path = "Symptom TrackerTests";
			sourceTree = "<group>";
		};
		40AC5F702508469600CE1350 /* Symptom TrackerUITests */ = {
			isa = PBXGroup;
			children = (
				40AC5F712508469600CE1350 /* Symptom_TrackerUITests.swift */,
				40AC5F732508469600CE1350 /* Info.plist */,
			);
			path = "Symptom TrackerUITests";
			sourceTree = "<group>";
		};
/* End PBXGroup section */

/* Begin PBXNativeTarget section */
		40AC5F4B2508469300CE1350 /* Symptom Tracker */ = {
			isa = PBXNativeTarget;
			buildConfigurationList = 40AC5F762508469600CE1350 /* Build configuration list for PBXNativeTarget "Symptom Tracker" */;
			buildPhases = (
				40AC5F482508469300CE1350 /* Sources */,
				40AC5F492508469300CE1350 /* Frameworks */,
				40AC5F4A2508469300CE1350 /* Resources */,
			);
			buildRules = (
			);
			dependencies = (
			);
			name = "Symptom Tracker";
			productName = "Symptom Tracker";
			productReference = 40AC5F4C2508469300CE1350 /* Symptom Tracker.app */;
			productType = "com.apple.product-type.application";
		};
		40AC5F612508469600CE1350 /* Symptom TrackerTests */ = {
			isa = PBXNativeTarget;
			buildConfigurationList = 40AC5F792508469600CE1350 /* Build configuration list for PBXNativeTarget "Symptom TrackerTests" */;
			buildPhases = (
				40AC5F5E2508469600CE1350 /* Sources */,
				40AC5F5F2508469600CE1350 /* Frameworks */,
				40AC5F602508469600CE1350 /* Resources */,
			);
			buildRules = (
			);
			dependencies = (
				40AC5F642508469600CE1350 /* PBXTargetDependency */,
			);
			name = "Symptom TrackerTests";
			productName = "Symptom TrackerTests";
			productReference = 40AC5F622508469600CE1350 /* Symptom TrackerTests.xctest */;
			productType = "com.apple.product-type.bundle.unit-test";
		};
		40AC5F6C2508469600CE1350 /* Symptom TrackerUITests */ = {
			isa = PBXNativeTarget;
			buildConfigurationList = 40AC5F7C2508469600CE1350 /* Build configuration list for PBXNativeTarget "Symptom TrackerUITests" */;
			buildPhases = (
				40AC5F692508469600CE1350 /* Sources */,
				40AC5F6A2508469600CE1350 /* Frameworks */,
				40AC5F6B2508469600CE1350 /* Resources */,
			);
			buildRules = (
			);
			dependencies = (
				40AC5F6F2508469600CE1350 /* PBXTargetDependency */,
			);
			name = "Symptom TrackerUITests";
			productName = "Symptom TrackerUITests";
			productReference = 40AC5F6D2508469600CE1350 /* Symptom TrackerUITests.xctest */;
			productType = "com.apple.product-type.bundle.ui-testing";
		};
/* End PBXNativeTarget section */

/* Begin PBXProject section */
		40AC5F442508469300CE1350 /* Project object */ = {
			isa = PBXProject;
			attributes = {
				LastSwiftUpdateCheck = 1170;
				LastUpgradeCheck = 1170;
				ORGANIZATIONNAME = "Bayard Eton";
				TargetAttributes = {
					40AC5F4B2508469300CE1350 = {
						CreatedOnToolsVersion = 11.7;
					};
					40AC5F612508469600CE1350 = {
						CreatedOnToolsVersion = 11.7;
						TestTargetID = 40AC5F4B2508469300CE1350;
					};
					40AC5F6C2508469600CE1350 = {
						CreatedOnToolsVersion = 11.7;
						TestTargetID = 40AC5F4B2508469300CE1350;
					};
				};
			};
			buildConfigurationList = 40AC5F472508469300CE1350 /* Build configuration list for PBXProject "Symptom Tracker" */;
			compatibilityVersion = "Xcode 9.3";
			developmentRegion = en;
			hasScannedForEncodings = 0;
			knownRegions = (
				en,
				Base,
			);
			mainGroup = 40AC5F432508469300CE1350;
			productRefGroup = 40AC5F4D2508469300CE1350 /* Products */;
			projectDirPath = "";
			projectRoot = "";
			targets = (
				40AC5F4B2508469300CE1350 /* Symptom Tracker */,
				40AC5F612508469600CE1350 /* Symptom TrackerTests */,
				40AC5F6C2508469600CE1350 /* Symptom TrackerUITests */,
			);
		};
/* End PBXProject section */

/* Begin PBXResourcesBuildPhase section */
		40AC5F4A2508469300CE1350 /* Resources */ = {
			isa = PBXResourcesBuildPhase;
			buildActionMask = 2147483647;
			files = (
				40AC5F5C2508469600CE1350 /* LaunchScreen.storyboard in Resources */,
				40AC5F592508469600CE1350 /* Assets.xcassets in Resources */,
				40AC5F572508469300CE1350 /* Main.storyboard in Resources */,
			);
			runOnlyForDeploymentPostprocessing = 0;
		};
		40AC5F602508469600CE1350 /* Resources */ = {
			isa = PBXResourcesBuildPhase;
			buildActionMask = 2147483647;
			files = (
			);
			runOnlyForDeploymentPostprocessing = 0;
		};
		40AC5F6B2508469600CE1350 /* Resources */ = {
			isa = PBXResourcesBuildPhase;
			buildActionMask = 2147483647;
			files = (
			);
			runOnlyForDeploymentPostprocessing = 0;
		};
/* End PBXResourcesBuildPhase section */

/* Begin PBXSourcesBuildPhase section */
		40AC5F482508469300CE1350 /* Sources */ = {
			isa = PBXSourcesBuildPhase;
			buildActionMask = 2147483647;
			files = (
				40AC5F542508469300CE1350 /* ViewController.swift in Sources */,
				40AC5F502508469300CE1350 /* AppDelegate.swift in Sources */,
				40AC5F522508469300CE1350 /* SceneDelegate.swift in Sources */,
			);
			runOnlyForDeploymentPostprocessing = 0;
		};
		40AC5F5E2508469600CE1350 /* Sources */ = {
			isa = PBXSourcesBuildPhase;
			buildActionMask = 2147483647;
			files = (
				40AC5F672508469600CE1350 /* Symptom_TrackerTests.swift in Sources */,
			);
			runOnlyForDeploymentPostprocessing = 0;
		};
		40AC5F692508469600CE1350 /* Sources */ = {
			isa = PBXSourcesBuildPhase;
			buildActionMask = 2147483647;
			files = (
				40AC5F722508469600CE1350 /* Symptom_TrackerUITests.swift in Sources */,
			);
			runOnlyForDeploymentPostprocessing = 0;
		};
/* End PBXSourcesBuildPhase section */

/* Begin PBXTargetDependency section */
		40AC5F642508469600CE1350 /* PBXTargetDependency */ = {
			isa = PBXTargetDependency;
			target = 40AC5F4B2508469300CE1350 /* Symptom Tracker */;
			targetProxy = 40AC5F632508469600CE1350 /* PBXContainerItemProxy */;
		};
		40AC5F6F2508469600CE1350 /* PBXTargetDependency */ = {
			isa = PBXTargetDependency;
			target = 40AC5F4B2508469300CE1350 /* Symptom Tracker */;
			targetProxy = 40AC5F6E2508469600CE1350 /* PBXContainerItemProxy */;
		};
/* End PBXTargetDependency section */

/* Begin PBXVariantGroup section */
		40AC5F552508469300CE1350 /* Main.storyboard */ = {
			isa = PBXVariantGroup;
			children = (
				40AC5F562508469300CE1350 /* Base */,
			);
			name = Main.storyboard;
			sourceTree = "<group>";
		};
		40AC5F5A2508469600CE1350 /* LaunchScreen.storyboard */ = {
			isa = PBXVariantGroup;
			children = (
				40AC5F5B2508469600CE1350 /* Base */,
			);
			name = LaunchScreen.storyboard;
			sourceTree = "<group>";
		};
/* End PBXVariantGroup section */

/* Begin XCBuildConfiguration section */
		40AC5F742508469600CE1350 /* Debug */ = {
			isa = XCBuildConfiguration;
			buildSettings = {
				ALWAYS_SEARCH_USER_PATHS = NO;
				CLANG_ANALYZER_NONNULL = YES;
				CLANG_ANALYZER_NUMBER_OBJECT_CONVERSION = YES_AGGRESSIVE;
				CLANG_CXX_LANGUAGE_STANDARD = "gnu++14";
				CLANG_CXX_LIBRARY = "libc++";
				CLANG_ENABLE_MODULES = YES;
				CLANG_ENABLE_OBJC_ARC = YES;
				CLANG_ENABLE_OBJC_WEAK = YES;
				CLANG_WARN_BLOCK_CAPTURE_AUTORELEASING = YES;
				CLANG_WARN_BOOL_CONVERSION = YES;
				CLANG_WARN_COMMA = YES;
				CLANG_WARN_CONSTANT_CONVERSION = YES;
				CLANG_WARN_DEPRECATED_OBJC_IMPLEMENTATIONS = YES;
				CLANG_WARN_DIRECT_OBJC_ISA_USAGE = YES_ERROR;
				CLANG_WARN_DOCUMENTATION_COMMENTS = YES;
				CLANG_WARN_EMPTY_BODY = YES;
				CLANG_WARN_ENUM_CONVERSION = YES;
				CLANG_WARN_INFINITE_RECURSION = YES;
				CLANG_WARN_INT_CONVERSION = YES;
				CLANG_WARN_NON_LITERAL_NULL_CONVERSION = YES;
				CLANG_WARN_OBJC_IMPLICIT_RETAIN_SELF = YES;
				CLANG_WARN_OBJC_LITERAL_CONVERSION = YES;
				CLANG_WARN_OBJC_ROOT_CLASS = YES_ERROR;
				CLANG_WARN_RANGE_LOOP_ANALYSIS = YES;
				CLANG_WARN_STRICT_PROTOTYPES = YES;
				CLANG_WARN_SUSPICIOUS_MOVE = YES;
				CLANG_WARN_UNGUARDED_AVAILABILITY = YES_AGGRESSIVE;
				CLANG_WARN_UNREACHABLE_CODE = YES;
				CLANG_WARN__DUPLICATE_METHOD_MATCH = YES;
				COPY_PHASE_STRIP = NO;
				DEBUG_INFORMATION_FORMAT = dwarf;
				ENABLE_STRICT_OBJC_MSGSEND = YES;
				ENABLE_TESTABILITY = YES;
				GCC_C_LANGUAGE_STANDARD = gnu11;
				GCC_DYNAMIC_NO_PIC = NO;
				GCC_NO_COMMON_BLOCKS = YES;
				GCC_OPTIMIZATION_LEVEL = 0;
				GCC_PREPROCESSOR_DEFINITIONS = (
					"DEBUG=1",
					"$(inherited)",
				);
				GCC_WARN_64_TO_32_BIT_CONVERSION = YES;
				GCC_WARN_ABOUT_RETURN_TYPE = YES_ERROR;
				GCC_WARN_UNDECLARED_SELECTOR = YES;
				GCC_WARN_UNINITIALIZED_AUTOS = YES_AGGRESSIVE;
				GCC_WARN_UNUSED_FUNCTION = YES;
				GCC_WARN_UNUSED_VARIABLE = YES;
				IPHONEOS_DEPLOYMENT_TARGET = 13.7;
				MTL_ENABLE_DEBUG_INFO = INCLUDE_SOURCE;
				MTL_FAST_MATH = YES;
				ONLY_ACTIVE_ARCH = YES;
				SDKROOT = iphoneos;
				SWIFT_ACTIVE_COMPILATION_CONDITIONS = DEBUG;
				SWIFT_OPTIMIZATION_LEVEL = "-Onone";
			};
			name = Debug;
		};
		40AC5F752508469600CE1350 /* Release */ = {
			isa = XCBuildConfiguration;
			buildSettings = {
				ALWAYS_SEARCH_USER_PATHS = NO;
				CLANG_ANALYZER_NONNULL = YES;
				CLANG_ANALYZER_NUMBER_OBJECT_CONVERSION = YES_AGGRESSIVE;
				CLANG_CXX_LANGUAGE_STANDARD = "gnu++14";
				CLANG_CXX_LIBRARY = "libc++";
				CLANG_ENABLE_MODULES = YES;
				CLANG_ENABLE_OBJC_ARC = YES;
				CLANG_ENABLE_OBJC_WEAK = YES;
				CLANG_WARN_BLOCK_CAPTURE_AUTORELEASING = YES;
				CLANG_WARN_BOOL_CONVERSION = YES;
				CLANG_WARN_COMMA = YES;
				CLANG_WARN_CONSTANT_CONVERSION = YES;
				CLANG_WARN_DEPRECATED_OBJC_IMPLEMENTATIONS = YES;
				CLANG_WARN_DIRECT_OBJC_ISA_USAGE = YES_ERROR;
				CLANG_WARN_DOCUMENTATION_COMMENTS = YES;
				CLANG_WARN_EMPTY_BODY = YES;
				CLANG_WARN_ENUM_CONVERSION = YES;
				CLANG_WARN_INFINITE_RECURSION = YES;
				CLANG_WARN_INT_CONVERSION = YES;
				CLANG_WARN_NON_LITERAL_NULL_CONVERSION = YES;
				CLANG_WARN_OBJC_IMPLICIT_RETAIN_SELF = YES;
				CLANG_WARN_OBJC_LITERAL_CONVERSION = YES;
				CLANG_WARN_OBJC_ROOT_CLASS = YES_ERROR;
				CLANG_WARN_RANGE_LOOP_ANALYSIS = YES;
				CLANG_WARN_STRICT_PROTOTYPES = YES;
				CLANG_WARN_SUSPICIOUS_MOVE = YES;
				CLANG_WARN_UNGUARDED_AVAILABILITY = YES_AGGRESSIVE;
				CLANG_WARN_UNREACHABLE_CODE = YES;
				CLANG_WARN__DUPLICATE_METHOD_MATCH = YES;
				COPY_PHASE_STRIP = NO;
				DEBUG_INFORMATION_FORMAT = "dwarf-with-dsym";
				ENABLE_NS_ASSERTIONS = NO;
				ENABLE_STRICT_OBJC_MSGSEND = YES;
				GCC_C_LANGUAGE_STANDARD = gnu11;
				GCC_NO_COMMON_BLOCKS = YES;
				GCC_WARN_64_TO_32_BIT_CONVERSION = YES;
				GCC_WARN_ABOUT_RETURN_TYPE = YES_ERROR;
				GCC_WARN_UNDECLARED_SELECTOR = YES;
				GCC_WARN_UNINITIALIZED_AUTOS = YES_AGGRESSIVE;
				GCC_WARN_UNUSED_FUNCTION = YES;
				GCC_WARN_UNUSED_VARIABLE = YES;
				IPHONEOS_DEPLOYMENT_TARGET = 13.7;
				MTL_ENABLE_DEBUG_INFO = NO;
				MTL_FAST_MATH = YES;
				SDKROOT = iphoneos;
				SWIFT_COMPILATION_MODE = wholemodule;
				SWIFT_OPTIMIZATION_LEVEL = "-O";
				VALIDATE_PRODUCT = YES;
			};
			name = Release;
		};
		40AC5F772508469600CE1350 /* Debug */ = {
			isa = XCBuildConfiguration;
			buildSettings = {
				ASSETCATALOG_COMPILER_APPICON_NAME = AppIcon;
				CODE_SIGN_STYLE = Automatic;
				INFOPLIST_FILE = "Symptom Tracker/Info.plist";
				LD_RUNPATH_SEARCH_PATHS = (
					"$(inherited)",
					"@executable_path/Frameworks",
				);
				PRODUCT_BUNDLE_IDENTIFIER = "com.bayardandnicole.Symptom-Tracker";
				PRODUCT_NAME = "$(TARGET_NAME)";
				SWIFT_VERSION = 5.0;
				TARGETED_DEVICE_FAMILY = "1,2";
			};
			name = Debug;
		};
		40AC5F782508469600CE1350 /* Release */ = {
			isa = XCBuildConfiguration;
			buildSettings = {
				ASSETCATALOG_COMPILER_APPICON_NAME = AppIcon;
				CODE_SIGN_STYLE = Automatic;
				INFOPLIST_FILE = "Symptom Tracker/Info.plist";
				LD_RUNPATH_SEARCH_PATHS = (
					"$(inherited)",
					"@executable_path/Frameworks",
				);
				PRODUCT_BUNDLE_IDENTIFIER = "com.bayardandnicole.Symptom-Tracker";
				PRODUCT_NAME = "$(TARGET_NAME)";
				SWIFT_VERSION = 5.0;
				TARGETED_DEVICE_FAMILY = "1,2";
			};
			name = Release;
		};
		40AC5F7A2508469600CE1350 /* Debug */ = {
			isa = XCBuildConfiguration;
			buildSettings = {
				ALWAYS_EMBED_SWIFT_STANDARD_LIBRARIES = YES;
				BUNDLE_LOADER = "$(TEST_HOST)";
				CODE_SIGN_STYLE = Automatic;
				INFOPLIST_FILE = "Symptom TrackerTests/Info.plist";
				IPHONEOS_DEPLOYMENT_TARGET = 13.7;
				LD_RUNPATH_SEARCH_PATHS = (
					"$(inherited)",
					"@executable_path/Frameworks",
					"@loader_path/Frameworks",
				);
				PRODUCT_BUNDLE_IDENTIFIER = "com.bayardandnicole.Symptom-TrackerTests";
				PRODUCT_NAME = "$(TARGET_NAME)";
				SWIFT_VERSION = 5.0;
				TARGETED_DEVICE_FAMILY = "1,2";
				TEST_HOST = "$(BUILT_PRODUCTS_DIR)/Symptom Tracker.app/Symptom Tracker";
			};
			name = Debug;
		};
		40AC5F7B2508469600CE1350 /* Release */ = {
			isa = XCBuildConfiguration;
			buildSettings = {
				ALWAYS_EMBED_SWIFT_STANDARD_LIBRARIES = YES;
				BUNDLE_LOADER = "$(TEST_HOST)";
				CODE_SIGN_STYLE = Automatic;
				INFOPLIST_FILE = "Symptom TrackerTests/Info.plist";
				IPHONEOS_DEPLOYMENT_TARGET = 13.7;
				LD_RUNPATH_SEARCH_PATHS = (
					"$(inherited)",
					"@executable_path/Frameworks",
					"@loader_path/Frameworks",
				);
				PRODUCT_BUNDLE_IDENTIFIER = "com.bayardandnicole.Symptom-TrackerTests";
				PRODUCT_NAME = "$(TARGET_NAME)";
				SWIFT_VERSION = 5.0;
				TARGETED_DEVICE_FAMILY = "1,2";
				TEST_HOST = "$(BUILT_PRODUCTS_DIR)/Symptom Tracker.app/Symptom Tracker";
			};
			name = Release;
		};
		40AC5F7D2508469600CE1350 /* Debug */ = {
			isa = XCBuildConfiguration;
			buildSettings = {
				ALWAYS_EMBED_SWIFT_STANDARD_LIBRARIES = YES;
				CODE_SIGN_STYLE = Automatic;
				INFOPLIST_FILE = "Symptom TrackerUITests/Info.plist";
				LD_RUNPATH_SEARCH_PATHS = (
					"$(inherited)",
					"@executable_path/Frameworks",
					"@loader_path/Frameworks",
				);
				PRODUCT_BUNDLE_IDENTIFIER = "com.bayardandnicole.Symptom-TrackerUITests";
				PRODUCT_NAME = "$(TARGET_NAME)";
				SWIFT_VERSION = 5.0;
				TARGETED_DEVICE_FAMILY = "1,2";
				TEST_TARGET_NAME = "Symptom Tracker";
			};
			name = Debug;
		};
		40AC5F7E2508469600CE1350 /* Release */ = {
			isa = XCBuildConfiguration;
			buildSettings = {
				ALWAYS_EMBED_SWIFT_STANDARD_LIBRARIES = YES;
				CODE_SIGN_STYLE = Automatic;
				INFOPLIST_FILE = "Symptom TrackerUITests/Info.plist";
				LD_RUNPATH_SEARCH_PATHS = (
					"$(inherited)",
					"@executable_path/Frameworks",
					"@loader_path/Frameworks",
				);
				PRODUCT_BUNDLE_IDENTIFIER = "com.bayardandnicole.Symptom-TrackerUITests";
				PRODUCT_NAME = "$(TARGET_NAME)";
				SWIFT_VERSION = 5.0;
				TARGETED_DEVICE_FAMILY = "1,2";
				TEST_TARGET_NAME = "Symptom Tracker";
			};
			name = Release;
		};
/* End XCBuildConfiguration section */

/* Begin XCConfigurationList section */
		40AC5F472508469300CE1350 /* Build configuration list for PBXProject "Symptom Tracker" */ = {
			isa = XCConfigurationList;
			buildConfigurations = (
				40AC5F742508469600CE1350 /* Debug */,
				40AC5F752508469600CE1350 /* Release */,
			);
			defaultConfigurationIsVisible = 0;
			defaultConfigurationName = Release;
		};
		40AC5F762508469600CE1350 /* Build configuration list for PBXNativeTarget "Symptom Tracker" */ = {
			isa = XCConfigurationList;
			buildConfigurations = (
				40AC5F772508469600CE1350 /* Debug */,
				40AC5F782508469600CE1350 /* Release */,
			);
			defaultConfigurationIsVisible = 0;
			defaultConfigurationName = Release;
		};
		40AC5F792508469600CE1350 /* Build configuration list for PBXNativeTarget "Symptom TrackerTests" */ = {
			isa = XCConfigurationList;
			buildConfigurations = (
				40AC5F7A2508469600CE1350 /* Debug */,
				40AC5F7B2508469600CE1350 /* Release */,
			);
			defaultConfigurationIsVisible = 0;
			defaultConfigurationName = Release;
		};
		40AC5F7C2508469600CE1350 /* Build configuration list for PBXNativeTarget "Symptom TrackerUITests" */ = {
			isa = XCConfigurationList;
			buildConfigurations = (
				40AC5F7D2508469600CE1350 /* Debug */,
				40AC5F7E2508469600CE1350 /* Release */,
			);
			defaultConfigurationIsVisible = 0;
			defaultConfigurationName = Release;
		};
/* End XCConfigurationList section */
	};
	rootObject = 40AC5F442508469300CE1350 /* Project object */;
}
